{
  "name": "bare-rs",
  "version": "1.0.0",
  "lockfileVersion": 3,
  "requires": true,
  "packages": {
    "": {
      "name": "bare-rs",
      "version": "1.0.0",
      "license": "ISC",
      "dependencies": {
        "bare-make": "^1.3.0"
      }
    },
    "node_modules/b4a": {
      "version": "1.6.7",
      "resolved": "https://registry.npmjs.org/b4a/-/b4a-1.6.7.tgz",
      "integrity": "sha512-OnAYlL5b7LEkALw87fUVafQw5rVR9RjwGd4KUwNQ6DrrNmaVaUCgLipfVlzrPQ4tWOR9P0IXGNOx50jYCCdSJg==",
      "license": "Apache-2.0"
    },
    "node_modules/bare-env": {
      "version": "3.0.0",
      "resolved": "https://registry.npmjs.org/bare-env/-/bare-env-3.0.0.tgz",
      "integrity": "sha512-0u964P5ZLAxTi+lW4Kjp7YRJQ5gZr9ycYOtjLxsSrupgMz3sn5Z9n4SH/JIifHwvadsf1brA2JAjP+9IOWwTiw==",
      "license": "Apache-2.0",
      "dependencies": {
        "bare-os": "^3.0.1"
      }
    },
    "node_modules/bare-events": {
      "version": "2.5.1",
      "resolved": "https://registry.npmjs.org/bare-events/-/bare-events-2.5.1.tgz",
      "integrity": "sha512-Bw2PgKSrZ3uCuSV9WQ998c/GTJTd+9bWj97n7aDQMP8dP/exAZQlJeswPty0ISy+HZD+9Ex+C7CCnc9Q5QJFmQ==",
      "license": "Apache-2.0"
    },
    "node_modules/bare-hrtime": {
      "version": "2.0.10",
      "resolved": "https://registry.npmjs.org/bare-hrtime/-/bare-hrtime-2.0.10.tgz",
      "integrity": "sha512-minvIHeR6YIRfxsjgFhk9O//lesw9k5pAeWtZHlA2u3nX1F//TFNoC3lKEDAmMRZSao5PeERZhRaomnCQ7hLQA==",
      "license": "Apache-2.0"
    },
    "node_modules/bare-make": {
      "version": "1.3.0",
      "resolved": "https://registry.npmjs.org/bare-make/-/bare-make-1.3.0.tgz",
      "integrity": "sha512-ZPEQlSpkln4o0XPXpUl4mn62wp9QFJ8n4DZxcvJ+Gr+nKDZmSo8uSU1loGiKCn87D3D123c1q1+12S52aQZ5tQ==",
      "license": "Apache-2.0",
      "dependencies": {
        "bare-env": "^3.0.0",
        "bare-os": "^3.2.0",
        "bare-path": "^3.0.0",
        "bare-process": "^3.0.0",
        "cmake-runtime": "^3.31.0",
        "cmake-toolchains": "^1.0.1",
        "ninja-runtime": "^1.12.2-0",
        "paparam": "^1.5.0"
      },
      "bin": {
        "bare-make": "bin.js"
      }
    },
    "node_modules/bare-module-resolve": {
      "version": "1.10.0",
      "resolved": "https://registry.npmjs.org/bare-module-resolve/-/bare-module-resolve-1.10.0.tgz",
      "integrity": "sha512-uRDht8Xjq0HjdeCO3BANPASl6qUnzCMSPNSinDUTbTZl/NZfV9qHRY3Blxn/21d6n57ybHaxw1qOBhyM5ZggRQ==",
      "license": "Apache-2.0",
      "dependencies": {
        "bare-semver": "^1.0.0"
      }
    },
    "node_modules/bare-os": {
      "version": "3.3.0",
      "resolved": "https://registry.npmjs.org/bare-os/-/bare-os-3.3.0.tgz",
      "integrity": "sha512-FHpgZfomMYliB1mDls35vFDpSQGFKS+yZYTCNdkK891t5dl9+sNUvplKxIPJvnhPHl+ZYTOz0gIJHeFpjltcDg==",
      "license": "Apache-2.0",
      "engines": {
        "bare": ">=1.6.0"
      }
    },
    "node_modules/bare-path": {
      "version": "3.0.0",
      "resolved": "https://registry.npmjs.org/bare-path/-/bare-path-3.0.0.tgz",
      "integrity": "sha512-tyfW2cQcB5NN8Saijrhqn0Zh7AnFNsnczRcuWODH0eYAXBsJ5gVxAUuNr7tsHSC6IZ77cA0SitzT+s47kot8Mw==",
      "license": "Apache-2.0",
      "dependencies": {
        "bare-os": "^3.0.1"
      }
    },
    "node_modules/bare-pipe": {
      "version": "3.3.8",
      "resolved": "https://registry.npmjs.org/bare-pipe/-/bare-pipe-3.3.8.tgz",
      "integrity": "sha512-X8Ulz/os6LR/cF5HBljq/tJ0NP7eNGjiripZF53EMtgkhJ9FVl1/WLZxwvUvcqbR82Ywaq6KYM+A6zS7DGPPUw==",
      "license": "Apache-2.0",
      "dependencies": {
        "bare-events": "^2.0.0",
        "bare-stream": "^2.0.0"
      }
    },
    "node_modules/bare-process": {
      "version": "3.1.1",
      "resolved": "https://registry.npmjs.org/bare-process/-/bare-process-3.1.1.tgz",
      "integrity": "sha512-lK9QBQT7PbPunay3Ee1gO45ANoXiObozh6y2nn8eK9MZ+zQwYw/XVWkQ4ixPb5v9/U/cHrAHYOXkwoN8wjPkVw==",
      "license": "Apache-2.0",
      "dependencies": {
        "bare-env": "^3.0.0",
        "bare-events": "^2.3.1",
        "bare-hrtime": "^2.0.0",
        "bare-os": "^3.0.1",
        "bare-pipe": "^3.1.0",
        "bare-signals": "^3.0.0",
        "bare-tty": "^4.0.0"
      }
    },
    "node_modules/bare-semver": {
      "version": "1.0.1",
      "resolved": "https://registry.npmjs.org/bare-semver/-/bare-semver-1.0.1.tgz",
      "integrity": "sha512-UtggzHLiTrmFOC/ogQ+Hy7VfoKoIwrP1UFcYtTxoCUdLtsIErT8+SWtOC2DH/snT9h+xDrcBEPcwKei1mzemgg==",
      "license": "Apache-2.0"
    },
    "node_modules/bare-signals": {
      "version": "3.0.2",
      "resolved": "https://registry.npmjs.org/bare-signals/-/bare-signals-3.0.2.tgz",
      "integrity": "sha512-Jy0teXMTG+BPW/nJXIvd1ZY3Bnt0I/TL00Dd5T16JvY5dUK6GMsKSRW+YipGRMQssam+L/pBvSbHV6WsI3D9Qw==",
      "license": "Apache-2.0",
      "dependencies": {
        "bare-events": "^2.0.0",
        "bare-os": "^3.0.1"
      }
    },
    "node_modules/bare-stream": {
      "version": "2.6.1",
      "resolved": "https://registry.npmjs.org/bare-stream/-/bare-stream-2.6.1.tgz",
      "integrity": "sha512-eVZbtKM+4uehzrsj49KtCy3Pbg7kO1pJ3SKZ1SFrIH/0pnj9scuGGgUlNDf/7qS8WKtGdiJY5Kyhs/ivYPTB/g==",
      "license": "Apache-2.0",
      "dependencies": {
        "streamx": "^2.21.0"
      }
    },
    "node_modules/bare-subprocess": {
      "version": "5.0.2",
      "resolved": "https://registry.npmjs.org/bare-subprocess/-/bare-subprocess-5.0.2.tgz",
      "integrity": "sha512-B0K9d8sOke0sHv3mS9r8uNqu86xse0tzeUok3JeCSV7JW0awGxVnn3pFcZ9KBqTL62bMRbAJWGZ0Q7l+CHOxGg==",
      "license": "Apache-2.0",
      "dependencies": {
        "bare-env": "^3.0.0",
        "bare-events": "^2.0.0",
        "bare-os": "^3.0.1",
        "bare-pipe": "^4.0.0"
      },
      "engines": {
        "bare": ">=1.7.0"
      }
    },
    "node_modules/bare-subprocess/node_modules/bare-pipe": {
      "version": "4.0.2",
      "resolved": "https://registry.npmjs.org/bare-pipe/-/bare-pipe-4.0.2.tgz",
      "integrity": "sha512-ccjh68NHL3uf+mG/+QMsvEpJhYPCYSRsEgfRCTPeslXciRTImpencrHCroeUD1Cl4f9m4M7u+S4GRLKbyfIDoA==",
      "license": "Apache-2.0",
      "dependencies": {
        "bare-events": "^2.0.0",
        "bare-stream": "^2.0.0"
      },
      "engines": {
        "bare": ">=1.7.0"
      }
    },
    "node_modules/bare-tty": {
      "version": "4.0.2",
      "resolved": "https://registry.npmjs.org/bare-tty/-/bare-tty-4.0.2.tgz",
      "integrity": "sha512-MfNtmUx/FhZZKn+IAe9Sai5mYFg/m+LBF1pSY56cjX6j2vQFEnm8NNsWryiyB85haYeN7tDh66WTcbUDJnBVtQ==",
      "license": "Apache-2.0",
      "dependencies": {
        "bare-events": "^2.2.0",
        "bare-signals": "^3.0.0",
        "bare-stream": "^2.0.0"
      }
    },
    "node_modules/bare-url": {
      "version": "2.1.0",
      "resolved": "https://registry.npmjs.org/bare-url/-/bare-url-2.1.0.tgz",
      "integrity": "sha512-JWZVPhfCe7L96Xnf41OD+VMknzo+sM433YpK2svWfHpjCAoVQlg3syjYQLzf+IrCJED0PcotFp1vsCcKL6l02Q==",
      "license": "Apache-2.0",
      "dependencies": {
        "bare-path": "^3.0.0"
      }
    },
    "node_modules/cmake-runtime": {
      "version": "3.31.1",
      "resolved": "https://registry.npmjs.org/cmake-runtime/-/cmake-runtime-3.31.1.tgz",
      "integrity": "sha512-4xjkUU1Bjsm/9SnlKIFIFcGW61aW4Hb3gyPgKmxRZM4g+KgON2mWxIQu2iMJ2ZshaygE2SgyrADOUOzNdx+QQw==",
      "license": "Apache-2.0",
      "workspaces": [
        "npm/*"
      ],
      "dependencies": {
        "bare-os": "^3.0.1",
        "bare-path": "^3.0.0",
        "bare-subprocess": "^5.0.0"
      },
      "bin": {
        "ccmake": "bin/ccmake",
        "cmake": "bin/cmake",
        "cmcldeps": "bin/cmcldeps",
        "cpack": "bin/cpack",
        "ctest": "bin/ctest"
      },
      "optionalDependencies": {
        "cmake-runtime-darwin-universal": "3.31.1",
        "cmake-runtime-linux-arm64": "3.31.1",
        "cmake-runtime-linux-x64": "3.31.1",
        "cmake-runtime-win32-arm64": "3.31.1",
        "cmake-runtime-win32-x64": "3.31.1"
      }
    },
    "node_modules/cmake-runtime-darwin-universal": {
      "version": "3.31.1",
      "resolved": "https://registry.npmjs.org/cmake-runtime-darwin-universal/-/cmake-runtime-darwin-universal-3.31.1.tgz",
      "integrity": "sha512-dG0IBUby7k5HCS63WI5d1awAwoEHocM60MAtDTaqSGUFIy77cuONivMyFYoz8x4GaLyXhRyM3tBAxxBMefQOIw==",
      "cpu": [
        "arm64",
        "x64"
      ],
      "license": "Apache-2.0",
      "optional": true,
      "os": [
        "darwin"
      ],
      "dependencies": {
        "require-asset": "^1.0.2"
      },
      "bin": {
        "ccmake": "bin/ccmake",
        "cmake": "bin/cmake",
        "cpack": "bin/cpack",
        "ctest": "bin/ctest"
      }
    },
    "node_modules/cmake-runtime-linux-arm64": {
      "version": "3.31.1",
      "resolved": "https://registry.npmjs.org/cmake-runtime-linux-arm64/-/cmake-runtime-linux-arm64-3.31.1.tgz",
      "integrity": "sha512-KSM3zVx5mKu8uJYcPCtZcd82g4GJu2PwQFzzvOsqBhDYuN42HcqtSudjpAKJGqhnBWmUk6epEKSRErryaUCcTw==",
      "cpu": [
        "arm64"
      ],
      "license": "Apache-2.0",
      "optional": true,
      "os": [
        "linux"
      ],
      "dependencies": {
        "require-asset": "^1.0.2"
      },
      "bin": {
        "ccmake": "bin/ccmake",
        "cmake": "bin/cmake",
        "cpack": "bin/cpack",
        "ctest": "bin/ctest"
      }
    },
    "node_modules/cmake-runtime-linux-x64": {
      "version": "3.31.1",
      "resolved": "https://registry.npmjs.org/cmake-runtime-linux-x64/-/cmake-runtime-linux-x64-3.31.1.tgz",
      "integrity": "sha512-tB4r1xEBBJmUM0WBPrAYKIBk6DiJNu/yGft5ej7P2/oSkatR6TZ8VUBHNymKQAbarUTSG1iivTJcHvBi3q76iA==",
      "cpu": [
        "x64"
      ],
      "license": "Apache-2.0",
      "optional": true,
      "os": [
        "linux"
      ],
      "dependencies": {
        "require-asset": "^1.0.2"
      },
      "bin": {
        "ccmake": "bin/ccmake",
        "cmake": "bin/cmake",
        "cpack": "bin/cpack",
        "ctest": "bin/ctest"
      }
    },
    "node_modules/cmake-runtime-win32-arm64": {
      "version": "3.31.1",
      "resolved": "https://registry.npmjs.org/cmake-runtime-win32-arm64/-/cmake-runtime-win32-arm64-3.31.1.tgz",
      "integrity": "sha512-Rol0DekdDENZqyV+OfdEG160NI9s2UKt4YqygLiMq0Zit0k1FABmpCIcqtHdvKwLYQXp/PWDOy+1Se8GIRpdKg==",
      "cpu": [
        "arm64"
      ],
      "license": "Apache-2.0",
      "optional": true,
      "os": [
        "win32"
      ],
      "dependencies": {
        "require-asset": "^1.0.2"
      },
      "bin": {
        "cmake": "bin/cmake.exe",
        "cmcldeps": "bin/cmcldeps.exe",
        "cpack": "bin/cpack.exe",
        "ctest": "bin/ctest.exe"
      }
    },
    "node_modules/cmake-runtime-win32-x64": {
      "version": "3.31.1",
      "resolved": "https://registry.npmjs.org/cmake-runtime-win32-x64/-/cmake-runtime-win32-x64-3.31.1.tgz",
      "integrity": "sha512-65bW7ON+N1YoExO12DYo0HfjXs4Qvv2lpA1Hyl13ghpN68SxcWII4G678ZrccxH7kozme62TJCqjBRFWfVTB1g==",
      "cpu": [
        "x64"
      ],
      "license": "Apache-2.0",
      "optional": true,
      "os": [
        "win32"
      ],
      "dependencies": {
        "require-asset": "^1.0.2"
      },
      "bin": {
        "cmake": "bin/cmake.exe",
        "cmcldeps": "bin/cmcldeps.exe",
        "cpack": "bin/cpack.exe",
        "ctest": "bin/ctest.exe"
      }
    },
    "node_modules/cmake-toolchains": {
      "version": "1.1.10",
      "resolved": "https://registry.npmjs.org/cmake-toolchains/-/cmake-toolchains-1.1.10.tgz",
      "integrity": "sha512-EeJK9eKowT6eSQBIrKaXCIJVZwHtoWwWwpAJm5y5XWYdz/0RnsuYKEcc/b0BnQz1lMOUeiC2rTQB/aO7mNAOPg==",
      "license": "Apache-2.0",
      "dependencies": {
        "require-asset": "^1.0.2"
      }
    },
    "node_modules/fast-fifo": {
      "version": "1.3.2",
      "resolved": "https://registry.npmjs.org/fast-fifo/-/fast-fifo-1.3.2.tgz",
      "integrity": "sha512-/d9sfos4yxzpwkDkuN7k2SqFKtYNmCTzgfEpz82x34IM9/zc8KGxQoXg1liNC/izpRM/MBdt44Nmx41ZWqk+FQ==",
      "license": "MIT"
    },
    "node_modules/ninja-runtime": {
      "version": "1.12.2-1",
      "resolved": "https://registry.npmjs.org/ninja-runtime/-/ninja-runtime-1.12.2-1.tgz",
      "integrity": "sha512-vgjizEahM7mjh3Mu0f4H1g2/NX9vvwZdQmF3g7BJM33zAuCAZ2nXuxC4ANOJhUouH3AXenQYma5hcYNEYbnGuA==",
      "license": "Apache-2.0",
      "workspaces": [
        "npm/*"
      ],
      "dependencies": {
        "bare-os": "^3.0.1",
        "bare-path": "^3.0.0",
        "bare-subprocess": "^5.0.0"
      },
      "bin": {
        "ninja": "bin/ninja"
      },
      "optionalDependencies": {
        "ninja-runtime-darwin-universal": "1.12.1",
        "ninja-runtime-linux-arm64": "1.12.1",
        "ninja-runtime-linux-x64": "1.12.1",
        "ninja-runtime-win32-arm64": "1.12.1",
        "ninja-runtime-win32-x64": "1.12.1"
      }
    },
    "node_modules/ninja-runtime-darwin-universal": {
      "version": "1.12.1",
      "resolved": "https://registry.npmjs.org/ninja-runtime-darwin-universal/-/ninja-runtime-darwin-universal-1.12.1.tgz",
      "integrity": "sha512-8FaOc4RHzCY9TUcC3XZQnegbecvMUItsTK2ZVGweR/sUlPpjvqGelmLIZsQg86wStUL9eKovf0ltd/YdKqMhjw==",
      "cpu": [
        "arm64",
        "x64"
      ],
      "license": "Apache-2.0",
      "optional": true,
      "os": [
        "darwin"
      ],
      "dependencies": {
        "require-asset": "^1.0.2"
      },
      "bin": {
        "ninja": "bin/ninja"
      }
    },
    "node_modules/ninja-runtime-linux-arm64": {
      "version": "1.12.1",
      "resolved": "https://registry.npmjs.org/ninja-runtime-linux-arm64/-/ninja-runtime-linux-arm64-1.12.1.tgz",
      "integrity": "sha512-zb/d4ziYrUutzqMzJfjBpzZEA9XTR8NEOJf2wKaebxPwaN69RMfPoydTWlBRSodbRbMcgxPsXwZc7zGnRWhD3Q==",
      "cpu": [
        "arm64"
      ],
      "license": "Apache-2.0",
      "optional": true,
      "os": [
        "linux"
      ],
      "dependencies": {
        "require-asset": "^1.0.2"
      },
      "bin": {
        "ninja": "bin/ninja"
      }
    },
    "node_modules/ninja-runtime-linux-x64": {
      "version": "1.12.1",
      "resolved": "https://registry.npmjs.org/ninja-runtime-linux-x64/-/ninja-runtime-linux-x64-1.12.1.tgz",
      "integrity": "sha512-muJPVhA/j/Cfas85+TcjsfJ238PdEXfSMJ3OQW6sBheN+TAQAN10clF3/VQRvH6xQHvmuK3lFI2ee44BV6JGmg==",
      "cpu": [
        "x64"
      ],
      "license": "Apache-2.0",
      "optional": true,
      "os": [
        "linux"
      ],
      "dependencies": {
        "require-asset": "^1.0.2"
      },
      "bin": {
        "ninja": "bin/ninja"
      }
    },
    "node_modules/ninja-runtime-win32-arm64": {
      "version": "1.12.1",
      "resolved": "https://registry.npmjs.org/ninja-runtime-win32-arm64/-/ninja-runtime-win32-arm64-1.12.1.tgz",
      "integrity": "sha512-WBGa8TF0f6l7endcTxWRRR354JdUnWofgcuW8Hn1k+5uBFmiR0DK8YtHiltdBirifR33N6hcKF/gDqr/QgDhvg==",
      "cpu": [
        "arm64"
      ],
      "license": "Apache-2.0",
      "optional": true,
      "os": [
        "win32"
      ],
      "dependencies": {
        "require-asset": "^1.0.2"
      },
      "bin": {
        "ninja": "bin/ninja.exe"
      }
    },
    "node_modules/ninja-runtime-win32-x64": {
      "version": "1.12.1",
      "resolved": "https://registry.npmjs.org/ninja-runtime-win32-x64/-/ninja-runtime-win32-x64-1.12.1.tgz",
      "integrity": "sha512-kgNocJbgJWxAr6Aq2ZAHuTQNYZQEuHMEvUuEpFWRO35iWVa3qAPf+6C0sucne0dDy5VrdfsRES3XW6zQHfICQA==",
      "cpu": [
        "x64"
      ],
      "license": "Apache-2.0",
      "optional": true,
      "os": [
        "win32"
      ],
      "dependencies": {
        "require-asset": "^1.0.2"
      },
      "bin": {
        "ninja": "bin/ninja.exe"
      }
    },
    "node_modules/paparam": {
      "version": "1.6.2",
      "resolved": "https://registry.npmjs.org/paparam/-/paparam-1.6.2.tgz",
      "integrity": "sha512-iOdE5o6SbHTGZontC0Y8oxzgIJwTaXqn5OOL+GfrEhMkPWOFTyQZhs0Sa+poWuk8yCXJgkOeGz/i3SqX0R8cYA==",
      "license": "Apache-2.0"
    },
    "node_modules/queue-tick": {
      "version": "1.0.1",
      "resolved": "https://registry.npmjs.org/queue-tick/-/queue-tick-1.0.1.tgz",
      "integrity": "sha512-kJt5qhMxoszgU/62PLP1CJytzd2NKetjSRnyuj31fDd3Rlcz3fzlFdFLD1SItunPwyqEOkca6GbV612BWfaBag==",
      "license": "MIT"
    },
    "node_modules/require-asset": {
      "version": "1.0.5",
      "resolved": "https://registry.npmjs.org/require-asset/-/require-asset-1.0.5.tgz",
      "integrity": "sha512-O0AAZynmhFgLYo12QXYX7+E9xIfW0Mt0Iv6F4j6gqGj9ZMJZ8LBCFKUhHJVGihBLggXPdi3AmC06cha1FsdKvw==",
      "license": "Apache-2.0",
      "dependencies": {
        "bare-module-resolve": "^1.6.2",
        "bare-url": "^2.1.0"
      },
      "engines": {
        "bare": ">=1.10.0"
      }
    },
    "node_modules/streamx": {
      "version": "2.21.1",
      "resolved": "https://registry.npmjs.org/streamx/-/streamx-2.21.1.tgz",
      "integrity": "sha512-PhP9wUnFLa+91CPy3N6tiQsK+gnYyUNuk15S3YG/zjYE7RuPeCjJngqnzpC31ow0lzBHQ+QGO4cNJnd0djYUsw==",
      "license": "MIT",
      "dependencies": {
        "fast-fifo": "^1.3.2",
        "queue-tick": "^1.0.1",
        "text-decoder": "^1.1.0"
      },
      "optionalDependencies": {
        "bare-events": "^2.2.0"
      }
    },
    "node_modules/text-decoder": {
      "version": "1.2.3",
      "resolved": "https://registry.npmjs.org/text-decoder/-/text-decoder-1.2.3.tgz",
      "integrity": "sha512-3/o9z3X0X0fTupwsYvR03pJ/DjWuqqrfwBgTQzdWDiQSm9KitAyz/9WqsT2JQW7KV2m+bC2ol/zqpW37NHxLaA==",
      "license": "Apache-2.0",
      "dependencies": {
        "b4a": "^1.6.4"
      }
    }
  }
}
